
Microsoft Visual Studio Solution File, Format Version 12.00
# Visual Studio Version 16
VisualStudioVersion = 16.0.30523.141
MinimumVisualStudioVersion = 10.0.40219.1
Project("{FAE04EC0-301F-11D3-BF4B-00C04F79EFBC}") = "Solution.API", "Solution.API\Solution.API.csproj", "{3832C8C5-0922-4314-88F8-EAFE8548CEF3}"
EndProject
Project("{FAE04EC0-301F-11D3-BF4B-00C04F79EFBC}") = "Solution.BS", "Solution.BS\Solution.BS.csproj", "{FE55E9AE-61EA-45D4-8FBC-6616EF1FDE68}"
EndProject
Project("{FAE04EC0-301F-11D3-BF4B-00C04F79EFBC}") = "Solution.DAL", "Solution.DAL\Solution.DAL.csproj", "{02EAD3A9-5C47-4643-8BE7-9749B5756019}"
EndProject
Global
	GlobalSection(SolutionConfigurationPlatforms) = preSolution
		Debug|Any CPU = Debug|Any CPU
		Release|Any CPU = Release|Any CPU
	EndGlobalSection
	GlobalSection(ProjectConfigurationPlatforms) = postSolution
		{3832C8C5-0922-4314-88F8-EAFE8548CEF3}.Debug|Any CPU.ActiveCfg = Debug|Any CPU
		{3832C8C5-0922-4314-88F8-EAFE8548CEF3}.Debug|Any CPU.Build.0 = Debug|Any CPU
		{3832C8C5-0922-4314-88F8-EAFE8548CEF3}.Release|Any CPU.ActiveCfg = Release|Any CPU
		{3832C8C5-0922-4314-88F8-EAFE8548CEF3}.Release|Any CPU.Build.0 = Release|Any CPU
		{FE55E9AE-61EA-45D4-8FBC-6616EF1FDE68}.Debug|Any CPU.ActiveCfg = Debug|Any CPU
		{FE55E9AE-61EA-45D4-8FBC-6616EF1FDE68}.Debug|Any CPU.Build.0 = Debug|Any CPU
		{FE55E9AE-61EA-45D4-8FBC-6616EF1FDE68}.Release|Any CPU.ActiveCfg = Release|Any CPU
		{FE55E9AE-61EA-45D4-8FBC-6616EF1FDE68}.Release|Any CPU.Build.0 = Release|Any CPU
		{02EAD3A9-5C47-4643-8BE7-9749B5756019}.Debug|Any CPU.ActiveCfg = Debug|Any CPU
		{02EAD3A9-5C47-4643-8BE7-9749B5756019}.Debug|Any CPU.Build.0 = Debug|Any CPU
		{02EAD3A9-5C47-4643-8BE7-9749B5756019}.Release|Any CPU.ActiveCfg = Release|Any CPU
		{02EAD3A9-5C47-4643-8BE7-9749B5756019}.Release|Any CPU.Build.0 = Release|Any CPU
	EndGlobalSection
	GlobalSection(SolutionProperties) = preSolution
		HideSolutionNode = FALSE
	EndGlobalSection
	GlobalSection(ExtensibilityGlobals) = postSolution
		SolutionGuid = {2EBFC135-A152-467C-9C5B-FE05B18A7146}
	EndGlobalSection
EndGlobal
